
Microsoft Visual Studio Solution File, Format Version 10.00
# Visual Studio 2008
Project("{FAE04EC0-301F-11D3-BF4B-00C04F79EFBC}") = "Gaddzeit.Kata.Util", "Gaddzeit.Kata.Util\Gaddzeit.Kata.Util.csproj", "{07A0D870-C67D-4A70-8196-36E2C110ECDB}"
EndProject
Project("{FAE04EC0-301F-11D3-BF4B-00C04F79EFBC}") = "Gaddzeit.Kata.Tests.Unit", "Gaddzeit.Kata.Tests.Unit\Gaddzeit.Kata.Tests.Unit.csproj", "{372FE7BA-A181-4C86-88EC-B5219957CD92}"
EndProject
Project("{2150E333-8FDC-42A3-9474-1A3956D46DE8}") = "Solution Items", "Solution Items", "{C2733EB0-2B98-4A16-A001-CDECF56FA416}"
	ProjectSection(SolutionItems) = preProject
		README = README
	EndProjectSection
EndProject
Global
	GlobalSection(SolutionConfigurationPlatforms) = preSolution
		Debug|Any CPU = Debug|Any CPU
		Release|Any CPU = Release|Any CPU
	EndGlobalSection
	GlobalSection(ProjectConfigurationPlatforms) = postSolution
		{07A0D870-C67D-4A70-8196-36E2C110ECDB}.Debug|Any CPU.ActiveCfg = Debug|Any CPU
		{07A0D870-C67D-4A70-8196-36E2C110ECDB}.Debug|Any CPU.Build.0 = Debug|Any CPU
		{07A0D870-C67D-4A70-8196-36E2C110ECDB}.Release|Any CPU.ActiveCfg = Release|Any CPU
		{07A0D870-C67D-4A70-8196-36E2C110ECDB}.Release|Any CPU.Build.0 = Release|Any CPU
		{372FE7BA-A181-4C86-88EC-B5219957CD92}.Debug|Any CPU.ActiveCfg = Debug|Any CPU
		{372FE7BA-A181-4C86-88EC-B5219957CD92}.Debug|Any CPU.Build.0 = Debug|Any CPU
		{372FE7BA-A181-4C86-88EC-B5219957CD92}.Release|Any CPU.ActiveCfg = Release|Any CPU
		{372FE7BA-A181-4C86-88EC-B5219957CD92}.Release|Any CPU.Build.0 = Release|Any CPU
	EndGlobalSection
	GlobalSection(SolutionProperties) = preSolution
		HideSolutionNode = FALSE
	EndGlobalSection
EndGlobal
